
Microsoft Visual Studio Solution File, Format Version 12.00
# Visual Studio 15
VisualStudioVersion = 15.0.26124.0
MinimumVisualStudioVersion = 15.0.26124.0
Project("{FAE04EC0-301F-11D3-BF4B-00C04F79EFBC}") = "DevopsWorld.Client", "DevopsWorld.Client\DevopsWorld.Client.csproj", "{E1C8DC0B-65B6-48CC-8B57-770F203BDF20}"
EndProject
Project("{FAE04EC0-301F-11D3-BF4B-00C04F79EFBC}") = "DevopsWorld.Tests", "DevopsWorld.Tests\DevopsWorld.Tests.csproj", "{E1BA29F5-5E9A-4721-9E30-642C605752F8}"
EndProject
Global
	GlobalSection(SolutionConfigurationPlatforms) = preSolution
		Debug|Any CPU = Debug|Any CPU
		Debug|x64 = Debug|x64
		Debug|x86 = Debug|x86
		Release|Any CPU = Release|Any CPU
		Release|x64 = Release|x64
		Release|x86 = Release|x86
	EndGlobalSection
	GlobalSection(SolutionProperties) = preSolution
		HideSolutionNode = FALSE
	EndGlobalSection
	GlobalSection(ProjectConfigurationPlatforms) = postSolution
		{E1C8DC0B-65B6-48CC-8B57-770F203BDF20}.Debug|Any CPU.ActiveCfg = Debug|Any CPU
		{E1C8DC0B-65B6-48CC-8B57-770F203BDF20}.Debug|Any CPU.Build.0 = Debug|Any CPU
		{E1C8DC0B-65B6-48CC-8B57-770F203BDF20}.Debug|x64.ActiveCfg = Debug|Any CPU
		{E1C8DC0B-65B6-48CC-8B57-770F203BDF20}.Debug|x64.Build.0 = Debug|Any CPU
		{E1C8DC0B-65B6-48CC-8B57-770F203BDF20}.Debug|x86.ActiveCfg = Debug|Any CPU
		{E1C8DC0B-65B6-48CC-8B57-770F203BDF20}.Debug|x86.Build.0 = Debug|Any CPU
		{E1C8DC0B-65B6-48CC-8B57-770F203BDF20}.Release|Any CPU.ActiveCfg = Release|Any CPU
		{E1C8DC0B-65B6-48CC-8B57-770F203BDF20}.Release|Any CPU.Build.0 = Release|Any CPU
		{E1C8DC0B-65B6-48CC-8B57-770F203BDF20}.Release|x64.ActiveCfg = Release|Any CPU
		{E1C8DC0B-65B6-48CC-8B57-770F203BDF20}.Release|x64.Build.0 = Release|Any CPU
		{E1C8DC0B-65B6-48CC-8B57-770F203BDF20}.Release|x86.ActiveCfg = Release|Any CPU
		{E1C8DC0B-65B6-48CC-8B57-770F203BDF20}.Release|x86.Build.0 = Release|Any CPU
		{E1BA29F5-5E9A-4721-9E30-642C605752F8}.Debug|Any CPU.ActiveCfg = Debug|Any CPU
		{E1BA29F5-5E9A-4721-9E30-642C605752F8}.Debug|Any CPU.Build.0 = Debug|Any CPU
		{E1BA29F5-5E9A-4721-9E30-642C605752F8}.Debug|x64.ActiveCfg = Debug|Any CPU
		{E1BA29F5-5E9A-4721-9E30-642C605752F8}.Debug|x64.Build.0 = Debug|Any CPU
		{E1BA29F5-5E9A-4721-9E30-642C605752F8}.Debug|x86.ActiveCfg = Debug|Any CPU
		{E1BA29F5-5E9A-4721-9E30-642C605752F8}.Debug|x86.Build.0 = Debug|Any CPU
		{E1BA29F5-5E9A-4721-9E30-642C605752F8}.Release|Any CPU.ActiveCfg = Release|Any CPU
		{E1BA29F5-5E9A-4721-9E30-642C605752F8}.Release|Any CPU.Build.0 = Release|Any CPU
		{E1BA29F5-5E9A-4721-9E30-642C605752F8}.Release|x64.ActiveCfg = Release|Any CPU
		{E1BA29F5-5E9A-4721-9E30-642C605752F8}.Release|x64.Build.0 = Release|Any CPU
		{E1BA29F5-5E9A-4721-9E30-642C605752F8}.Release|x86.ActiveCfg = Release|Any CPU
		{E1BA29F5-5E9A-4721-9E30-642C605752F8}.Release|x86.Build.0 = Release|Any CPU
	EndGlobalSection
EndGlobal
